
Microsoft Visual Studio Solution File, Format Version 12.00
# Visual Studio 15
VisualStudioVersion = 15.0.28307.168
MinimumVisualStudioVersion = 10.0.40219.1
Project("{FAE04EC0-301F-11D3-BF4B-00C04F79EFBC}") = "CSharpFundamentals", "CSharpFundamentals\CSharpFundamentals.csproj", "{704F7684-8583-4CDC-8364-C39A34EEDD8C}"
EndProject
Global
	GlobalSection(SolutionConfigurationPlatforms) = preSolution
		Debug|Any CPU = Debug|Any CPU
		Release|Any CPU = Release|Any CPU
	EndGlobalSection
	GlobalSection(ProjectConfigurationPlatforms) = postSolution
		{704F7684-8583-4CDC-8364-C39A34EEDD8C}.Debug|Any CPU.ActiveCfg = Debug|Any CPU
		{704F7684-8583-4CDC-8364-C39A34EEDD8C}.Debug|Any CPU.Build.0 = Debug|Any CPU
		{704F7684-8583-4CDC-8364-C39A34EEDD8C}.Release|Any CPU.ActiveCfg = Release|Any CPU
		{704F7684-8583-4CDC-8364-C39A34EEDD8C}.Release|Any CPU.Build.0 = Release|Any CPU
	EndGlobalSection
	GlobalSection(SolutionProperties) = preSolution
		HideSolutionNode = FALSE
	EndGlobalSection
	GlobalSection(ExtensibilityGlobals) = postSolution
		SolutionGuid = {1D3ADC93-948E-4F55-8473-28FD2FED9A03}
	EndGlobalSection
EndGlobal
